
Microsoft Visual Studio Solution File, Format Version 12.00
# Visual Studio Version 17
VisualStudioVersion = 17.14.36705.20 d17.14
MinimumVisualStudioVersion = 10.0.40219.1
Project("{FAE04EC0-301F-11D3-BF4B-00C04F79EFBC}") = "EgzaminProbny14ConsoleApp", "EgzaminProbny14ConsoleApp.csproj", "{A3FAF2CE-691D-41E3-A6DD-874109624729}"
EndProject
Global
	GlobalSection(SolutionConfigurationPlatforms) = preSolution
		Debug|Any CPU = Debug|Any CPU
		Release|Any CPU = Release|Any CPU
	EndGlobalSection
	GlobalSection(ProjectConfigurationPlatforms) = postSolution
		{A3FAF2CE-691D-41E3-A6DD-874109624729}.Debug|Any CPU.ActiveCfg = Debug|Any CPU
		{A3FAF2CE-691D-41E3-A6DD-874109624729}.Debug|Any CPU.Build.0 = Debug|Any CPU
		{A3FAF2CE-691D-41E3-A6DD-874109624729}.Release|Any CPU.ActiveCfg = Release|Any CPU
		{A3FAF2CE-691D-41E3-A6DD-874109624729}.Release|Any CPU.Build.0 = Release|Any CPU
	EndGlobalSection
	GlobalSection(SolutionProperties) = preSolution
		HideSolutionNode = FALSE
	EndGlobalSection
	GlobalSection(ExtensibilityGlobals) = postSolution
		SolutionGuid = {2331EAC7-A964-4D92-B8CE-45DE226A42B7}
	EndGlobalSection
EndGlobal
