
Microsoft Visual Studio Solution File, Format Version 12.00
# Visual Studio Version 17
VisualStudioVersion = 17.14.36705.20 d17.14
MinimumVisualStudioVersion = 10.0.40219.1
Project("{FAE04EC0-301F-11D3-BF4B-00C04F79EFBC}") = "EgzaminProbny6ConsoleApp", "EgzaminProbny6ConsoleApp.csproj", "{A18969A8-06D0-4468-B17E-C55D7FF36A4C}"
EndProject
Global
	GlobalSection(SolutionConfigurationPlatforms) = preSolution
		Debug|Any CPU = Debug|Any CPU
		Release|Any CPU = Release|Any CPU
	EndGlobalSection
	GlobalSection(ProjectConfigurationPlatforms) = postSolution
		{A18969A8-06D0-4468-B17E-C55D7FF36A4C}.Debug|Any CPU.ActiveCfg = Debug|Any CPU
		{A18969A8-06D0-4468-B17E-C55D7FF36A4C}.Debug|Any CPU.Build.0 = Debug|Any CPU
		{A18969A8-06D0-4468-B17E-C55D7FF36A4C}.Release|Any CPU.ActiveCfg = Release|Any CPU
		{A18969A8-06D0-4468-B17E-C55D7FF36A4C}.Release|Any CPU.Build.0 = Release|Any CPU
	EndGlobalSection
	GlobalSection(SolutionProperties) = preSolution
		HideSolutionNode = FALSE
	EndGlobalSection
	GlobalSection(ExtensibilityGlobals) = postSolution
		SolutionGuid = {76435575-7BDD-463A-9C83-C877D07C80D8}
	EndGlobalSection
EndGlobal
